
Microsoft Visual Studio Solution File, Format Version 12.00
# Visual Studio Version 16
VisualStudioVersion = 16.0.31515.178
MinimumVisualStudioVersion = 10.0.40219.1
Project("{FAE04EC0-301F-11D3-BF4B-00C04F79EFBC}") = "Long War Assistant", "Long War Assistant.csproj", "{266362D5-526B-41C2-8B79-50CFFECBD58B}"
EndProject
Global
	GlobalSection(SolutionConfigurationPlatforms) = preSolution
		Debug|Any CPU = Debug|Any CPU
		Release|Any CPU = Release|Any CPU
	EndGlobalSection
	GlobalSection(ProjectConfigurationPlatforms) = postSolution
		{266362D5-526B-41C2-8B79-50CFFECBD58B}.Debug|Any CPU.ActiveCfg = Debug|Any CPU
		{266362D5-526B-41C2-8B79-50CFFECBD58B}.Debug|Any CPU.Build.0 = Debug|Any CPU
		{266362D5-526B-41C2-8B79-50CFFECBD58B}.Release|Any CPU.ActiveCfg = Release|Any CPU
		{266362D5-526B-41C2-8B79-50CFFECBD58B}.Release|Any CPU.Build.0 = Release|Any CPU
	EndGlobalSection
	GlobalSection(SolutionProperties) = preSolution
		HideSolutionNode = FALSE
	EndGlobalSection
	GlobalSection(ExtensibilityGlobals) = postSolution
		SolutionGuid = {AC45AFA2-50C8-44AA-AAA3-47C04E0C50E6}
	EndGlobalSection
EndGlobal
